
Microsoft Visual Studio Solution File, Format Version 12.00
# Visual Studio Version 16
VisualStudioVersion = 16.0.30804.86
MinimumVisualStudioVersion = 10.0.40219.1
Project("{2150E333-8FDC-42A3-9474-1A3956D46DE8}") = "src", "src", "{3F7BACD7-338A-40BC-B314-3880E9130C0D}"
EndProject
Project("{9A19103F-16F7-4668-BE54-9A1E7A4F7556}") = "CsgoEssentials.API", "src\CsgoEssentials.API\CsgoEssentials.API.csproj", "{6E6C2C3A-38E3-4C2B-B0C1-06292C14396D}"
EndProject
Project("{9A19103F-16F7-4668-BE54-9A1E7A4F7556}") = "CsgoEssentials.Domain", "src\CsgoEssentials.Domain\CsgoEssentials.Domain.csproj", "{EE61F2D2-93E4-43CD-9085-9551CE5E0220}"
EndProject
Project("{9A19103F-16F7-4668-BE54-9A1E7A4F7556}") = "CsgoEssentials.Infra", "src\CsgoEssentials.Infra\CsgoEssentials.Infra.csproj", "{92A0827B-5E51-4271-AFA9-5A2AE6F42828}"
EndProject
Project("{FAE04EC0-301F-11D3-BF4B-00C04F79EFBC}") = "CsgoEssentials.IntegrationTests", "src\CsgoEssentials.IntegrationTests\CsgoEssentials.IntegrationTests.csproj", "{5B489B7B-E9C7-4D17-A696-3FEDA1A30D59}"
EndProject
Global
	GlobalSection(SolutionConfigurationPlatforms) = preSolution
		Debug|Any CPU = Debug|Any CPU
		Release|Any CPU = Release|Any CPU
	EndGlobalSection
	GlobalSection(ProjectConfigurationPlatforms) = postSolution
		{6E6C2C3A-38E3-4C2B-B0C1-06292C14396D}.Debug|Any CPU.ActiveCfg = Debug|Any CPU
		{6E6C2C3A-38E3-4C2B-B0C1-06292C14396D}.Debug|Any CPU.Build.0 = Debug|Any CPU
		{6E6C2C3A-38E3-4C2B-B0C1-06292C14396D}.Release|Any CPU.ActiveCfg = Release|Any CPU
		{6E6C2C3A-38E3-4C2B-B0C1-06292C14396D}.Release|Any CPU.Build.0 = Release|Any CPU
		{EE61F2D2-93E4-43CD-9085-9551CE5E0220}.Debug|Any CPU.ActiveCfg = Debug|Any CPU
		{EE61F2D2-93E4-43CD-9085-9551CE5E0220}.Debug|Any CPU.Build.0 = Debug|Any CPU
		{EE61F2D2-93E4-43CD-9085-9551CE5E0220}.Release|Any CPU.ActiveCfg = Release|Any CPU
		{EE61F2D2-93E4-43CD-9085-9551CE5E0220}.Release|Any CPU.Build.0 = Release|Any CPU
		{92A0827B-5E51-4271-AFA9-5A2AE6F42828}.Debug|Any CPU.ActiveCfg = Debug|Any CPU
		{92A0827B-5E51-4271-AFA9-5A2AE6F42828}.Debug|Any CPU.Build.0 = Debug|Any CPU
		{92A0827B-5E51-4271-AFA9-5A2AE6F42828}.Release|Any CPU.ActiveCfg = Release|Any CPU
		{92A0827B-5E51-4271-AFA9-5A2AE6F42828}.Release|Any CPU.Build.0 = Release|Any CPU
		{5B489B7B-E9C7-4D17-A696-3FEDA1A30D59}.Debug|Any CPU.ActiveCfg = Debug|Any CPU
		{5B489B7B-E9C7-4D17-A696-3FEDA1A30D59}.Debug|Any CPU.Build.0 = Debug|Any CPU
		{5B489B7B-E9C7-4D17-A696-3FEDA1A30D59}.Release|Any CPU.ActiveCfg = Release|Any CPU
		{5B489B7B-E9C7-4D17-A696-3FEDA1A30D59}.Release|Any CPU.Build.0 = Release|Any CPU
	EndGlobalSection
	GlobalSection(SolutionProperties) = preSolution
		HideSolutionNode = FALSE
	EndGlobalSection
	GlobalSection(NestedProjects) = preSolution
		{6E6C2C3A-38E3-4C2B-B0C1-06292C14396D} = {3F7BACD7-338A-40BC-B314-3880E9130C0D}
		{EE61F2D2-93E4-43CD-9085-9551CE5E0220} = {3F7BACD7-338A-40BC-B314-3880E9130C0D}
		{92A0827B-5E51-4271-AFA9-5A2AE6F42828} = {3F7BACD7-338A-40BC-B314-3880E9130C0D}
		{5B489B7B-E9C7-4D17-A696-3FEDA1A30D59} = {3F7BACD7-338A-40BC-B314-3880E9130C0D}
	EndGlobalSection
	GlobalSection(ExtensibilityGlobals) = postSolution
		SolutionGuid = {F7D2EDF6-BE0F-4DC2-83FE-0E71D5099A8D}
	EndGlobalSection
EndGlobal
